
Microsoft Visual Studio Solution File, Format Version 12.00
# Visual Studio 15
VisualStudioVersion = 15.0.26124.0
MinimumVisualStudioVersion = 15.0.26124.0
Project("{2150E333-8FDC-42A3-9474-1A3956D46DE8}") = "src", "src", "{67E5155D-FF6F-458A-9665-69FC72B749B1}"
EndProject
Project("{2150E333-8FDC-42A3-9474-1A3956D46DE8}") = "blocks", "blocks", "{353E7BC8-F00D-4060-B333-1621F51E400A}"
EndProject
Project("{FAE04EC0-301F-11D3-BF4B-00C04F79EFBC}") = "Gah.Blocks.CqrsEs", "src\blocks\Gah.Blocks.CqrsEs\Gah.Blocks.CqrsEs.csproj", "{8D1184E3-5DCC-4BF8-8823-B3E78DA1A98C}"
EndProject
Global
	GlobalSection(SolutionConfigurationPlatforms) = preSolution
		Debug|Any CPU = Debug|Any CPU
		Debug|x64 = Debug|x64
		Debug|x86 = Debug|x86
		Release|Any CPU = Release|Any CPU
		Release|x64 = Release|x64
		Release|x86 = Release|x86
	EndGlobalSection
	GlobalSection(SolutionProperties) = preSolution
		HideSolutionNode = FALSE
	EndGlobalSection
	GlobalSection(ProjectConfigurationPlatforms) = postSolution
		{8D1184E3-5DCC-4BF8-8823-B3E78DA1A98C}.Debug|Any CPU.ActiveCfg = Debug|Any CPU
		{8D1184E3-5DCC-4BF8-8823-B3E78DA1A98C}.Debug|Any CPU.Build.0 = Debug|Any CPU
		{8D1184E3-5DCC-4BF8-8823-B3E78DA1A98C}.Debug|x64.ActiveCfg = Debug|Any CPU
		{8D1184E3-5DCC-4BF8-8823-B3E78DA1A98C}.Debug|x64.Build.0 = Debug|Any CPU
		{8D1184E3-5DCC-4BF8-8823-B3E78DA1A98C}.Debug|x86.ActiveCfg = Debug|Any CPU
		{8D1184E3-5DCC-4BF8-8823-B3E78DA1A98C}.Debug|x86.Build.0 = Debug|Any CPU
		{8D1184E3-5DCC-4BF8-8823-B3E78DA1A98C}.Release|Any CPU.ActiveCfg = Release|Any CPU
		{8D1184E3-5DCC-4BF8-8823-B3E78DA1A98C}.Release|Any CPU.Build.0 = Release|Any CPU
		{8D1184E3-5DCC-4BF8-8823-B3E78DA1A98C}.Release|x64.ActiveCfg = Release|Any CPU
		{8D1184E3-5DCC-4BF8-8823-B3E78DA1A98C}.Release|x64.Build.0 = Release|Any CPU
		{8D1184E3-5DCC-4BF8-8823-B3E78DA1A98C}.Release|x86.ActiveCfg = Release|Any CPU
		{8D1184E3-5DCC-4BF8-8823-B3E78DA1A98C}.Release|x86.Build.0 = Release|Any CPU
	EndGlobalSection
	GlobalSection(NestedProjects) = preSolution
		{353E7BC8-F00D-4060-B333-1621F51E400A} = {67E5155D-FF6F-458A-9665-69FC72B749B1}
		{8D1184E3-5DCC-4BF8-8823-B3E78DA1A98C} = {353E7BC8-F00D-4060-B333-1621F51E400A}
	EndGlobalSection
EndGlobal
