
Microsoft Visual Studio Solution File, Format Version 12.00
# Visual Studio 15
VisualStudioVersion = 15.0.26124.0
MinimumVisualStudioVersion = 15.0.26124.0
Project("{2150E333-8FDC-42A3-9474-1A3956D46DE8}") = "src", "src", "{67E5155D-FF6F-458A-9665-69FC72B749B1}"
EndProject
Project("{2150E333-8FDC-42A3-9474-1A3956D46DE8}") = "blocks", "blocks", "{353E7BC8-F00D-4060-B333-1621F51E400A}"
EndProject
Project("{9A19103F-16F7-4668-BE54-9A1E7A4F7556}") = "Gah.Blocks.CqrsEs", "src\blocks\Gah.Blocks.CqrsEs\Gah.Blocks.CqrsEs.csproj", "{8D1184E3-5DCC-4BF8-8823-B3E78DA1A98C}"
EndProject
Project("{2150E333-8FDC-42A3-9474-1A3956D46DE8}") = "Solution Items", "Solution Items", "{EB2C1CDF-64D6-41E5-B03F-6C6D9611314E}"
	ProjectSection(SolutionItems) = preProject
		README.md = README.md
	EndProjectSection
EndProject
Project("{2150E333-8FDC-42A3-9474-1A3956D46DE8}") = "test", "test", "{48CA5D5C-02DA-411E-8B13-81C2390051A1}"
EndProject
Project("{2150E333-8FDC-42A3-9474-1A3956D46DE8}") = "blocks", "blocks", "{CD0813A6-24DB-4DDF-ADE6-B2918DDDC68C}"
EndProject
Project("{FAE04EC0-301F-11D3-BF4B-00C04F79EFBC}") = "Gah.Blocks.CqrsEs.Tests", "test\blocks\Gah.Blocks.CqrsEs.Tests\Gah.Blocks.CqrsEs.Tests.csproj", "{7860C7DF-2BBE-415E-BD96-127A821CAA21}"
EndProject
Project("{2150E333-8FDC-42A3-9474-1A3956D46DE8}") = "app", "app", "{33EFC67F-6ABD-4D14-99E9-FF7B7FFD8309}"
EndProject
Project("{FAE04EC0-301F-11D3-BF4B-00C04F79EFBC}") = "Gah.Patterns.Todo.Domain", "src\app\Gah.Patterns.Todo.Domain\Gah.Patterns.Todo.Domain.csproj", "{5A24DE65-4D30-4857-8837-2C49D8818DCA}"
EndProject
Project("{FAE04EC0-301F-11D3-BF4B-00C04F79EFBC}") = "Gah.Patterns.Todo.Repository", "src\app\Gah.Patterns.Todo.Repository\Gah.Patterns.Todo.Repository.csproj", "{AA5D9909-B770-43FC-81E4-63641937C79B}"
EndProject
Project("{FAE04EC0-301F-11D3-BF4B-00C04F79EFBC}") = "Gah.Patterns.Todo.Repository.Sql", "src\app\Gah.Patterns.Todo.Repository.Sql\Gah.Patterns.Todo.Repository.Sql.csproj", "{FBF8A951-0FA2-42DC-B80D-58823A22EF40}"
EndProject
Project("{FAE04EC0-301F-11D3-BF4B-00C04F79EFBC}") = "Gah.Patterns.ToDo.Api", "src\Gah.Patterns.ToDo.Api\Gah.Patterns.ToDo.Api.csproj", "{F0074FAF-266F-4BAD-840D-617EF61964CF}"
EndProject
Project("{FAE04EC0-301F-11D3-BF4B-00C04F79EFBC}") = "Gah.Patterns.ToDo.Api.Tests", "test\Gah.Patterns.ToDo.Api.Tests\Gah.Patterns.ToDo.Api.Tests.csproj", "{187A5460-9C4C-4565-A43A-39D373E2EFEC}"
EndProject
Global
	GlobalSection(SolutionConfigurationPlatforms) = preSolution
		Debug|Any CPU = Debug|Any CPU
		Debug|x64 = Debug|x64
		Debug|x86 = Debug|x86
		Release|Any CPU = Release|Any CPU
		Release|x64 = Release|x64
		Release|x86 = Release|x86
	EndGlobalSection
	GlobalSection(ProjectConfigurationPlatforms) = postSolution
		{8D1184E3-5DCC-4BF8-8823-B3E78DA1A98C}.Debug|Any CPU.ActiveCfg = Debug|Any CPU
		{8D1184E3-5DCC-4BF8-8823-B3E78DA1A98C}.Debug|Any CPU.Build.0 = Debug|Any CPU
		{8D1184E3-5DCC-4BF8-8823-B3E78DA1A98C}.Debug|x64.ActiveCfg = Debug|Any CPU
		{8D1184E3-5DCC-4BF8-8823-B3E78DA1A98C}.Debug|x64.Build.0 = Debug|Any CPU
		{8D1184E3-5DCC-4BF8-8823-B3E78DA1A98C}.Debug|x86.ActiveCfg = Debug|Any CPU
		{8D1184E3-5DCC-4BF8-8823-B3E78DA1A98C}.Debug|x86.Build.0 = Debug|Any CPU
		{8D1184E3-5DCC-4BF8-8823-B3E78DA1A98C}.Release|Any CPU.ActiveCfg = Release|Any CPU
		{8D1184E3-5DCC-4BF8-8823-B3E78DA1A98C}.Release|Any CPU.Build.0 = Release|Any CPU
		{8D1184E3-5DCC-4BF8-8823-B3E78DA1A98C}.Release|x64.ActiveCfg = Release|Any CPU
		{8D1184E3-5DCC-4BF8-8823-B3E78DA1A98C}.Release|x64.Build.0 = Release|Any CPU
		{8D1184E3-5DCC-4BF8-8823-B3E78DA1A98C}.Release|x86.ActiveCfg = Release|Any CPU
		{8D1184E3-5DCC-4BF8-8823-B3E78DA1A98C}.Release|x86.Build.0 = Release|Any CPU
		{7860C7DF-2BBE-415E-BD96-127A821CAA21}.Debug|Any CPU.ActiveCfg = Debug|Any CPU
		{7860C7DF-2BBE-415E-BD96-127A821CAA21}.Debug|Any CPU.Build.0 = Debug|Any CPU
		{7860C7DF-2BBE-415E-BD96-127A821CAA21}.Debug|x64.ActiveCfg = Debug|Any CPU
		{7860C7DF-2BBE-415E-BD96-127A821CAA21}.Debug|x64.Build.0 = Debug|Any CPU
		{7860C7DF-2BBE-415E-BD96-127A821CAA21}.Debug|x86.ActiveCfg = Debug|Any CPU
		{7860C7DF-2BBE-415E-BD96-127A821CAA21}.Debug|x86.Build.0 = Debug|Any CPU
		{7860C7DF-2BBE-415E-BD96-127A821CAA21}.Release|Any CPU.ActiveCfg = Release|Any CPU
		{7860C7DF-2BBE-415E-BD96-127A821CAA21}.Release|Any CPU.Build.0 = Release|Any CPU
		{7860C7DF-2BBE-415E-BD96-127A821CAA21}.Release|x64.ActiveCfg = Release|Any CPU
		{7860C7DF-2BBE-415E-BD96-127A821CAA21}.Release|x64.Build.0 = Release|Any CPU
		{7860C7DF-2BBE-415E-BD96-127A821CAA21}.Release|x86.ActiveCfg = Release|Any CPU
		{7860C7DF-2BBE-415E-BD96-127A821CAA21}.Release|x86.Build.0 = Release|Any CPU
		{5A24DE65-4D30-4857-8837-2C49D8818DCA}.Debug|Any CPU.ActiveCfg = Debug|Any CPU
		{5A24DE65-4D30-4857-8837-2C49D8818DCA}.Debug|Any CPU.Build.0 = Debug|Any CPU
		{5A24DE65-4D30-4857-8837-2C49D8818DCA}.Debug|x64.ActiveCfg = Debug|Any CPU
		{5A24DE65-4D30-4857-8837-2C49D8818DCA}.Debug|x64.Build.0 = Debug|Any CPU
		{5A24DE65-4D30-4857-8837-2C49D8818DCA}.Debug|x86.ActiveCfg = Debug|Any CPU
		{5A24DE65-4D30-4857-8837-2C49D8818DCA}.Debug|x86.Build.0 = Debug|Any CPU
		{5A24DE65-4D30-4857-8837-2C49D8818DCA}.Release|Any CPU.ActiveCfg = Release|Any CPU
		{5A24DE65-4D30-4857-8837-2C49D8818DCA}.Release|Any CPU.Build.0 = Release|Any CPU
		{5A24DE65-4D30-4857-8837-2C49D8818DCA}.Release|x64.ActiveCfg = Release|Any CPU
		{5A24DE65-4D30-4857-8837-2C49D8818DCA}.Release|x64.Build.0 = Release|Any CPU
		{5A24DE65-4D30-4857-8837-2C49D8818DCA}.Release|x86.ActiveCfg = Release|Any CPU
		{5A24DE65-4D30-4857-8837-2C49D8818DCA}.Release|x86.Build.0 = Release|Any CPU
		{AA5D9909-B770-43FC-81E4-63641937C79B}.Debug|Any CPU.ActiveCfg = Debug|Any CPU
		{AA5D9909-B770-43FC-81E4-63641937C79B}.Debug|Any CPU.Build.0 = Debug|Any CPU
		{AA5D9909-B770-43FC-81E4-63641937C79B}.Debug|x64.ActiveCfg = Debug|Any CPU
		{AA5D9909-B770-43FC-81E4-63641937C79B}.Debug|x64.Build.0 = Debug|Any CPU
		{AA5D9909-B770-43FC-81E4-63641937C79B}.Debug|x86.ActiveCfg = Debug|Any CPU
		{AA5D9909-B770-43FC-81E4-63641937C79B}.Debug|x86.Build.0 = Debug|Any CPU
		{AA5D9909-B770-43FC-81E4-63641937C79B}.Release|Any CPU.ActiveCfg = Release|Any CPU
		{AA5D9909-B770-43FC-81E4-63641937C79B}.Release|Any CPU.Build.0 = Release|Any CPU
		{AA5D9909-B770-43FC-81E4-63641937C79B}.Release|x64.ActiveCfg = Release|Any CPU
		{AA5D9909-B770-43FC-81E4-63641937C79B}.Release|x64.Build.0 = Release|Any CPU
		{AA5D9909-B770-43FC-81E4-63641937C79B}.Release|x86.ActiveCfg = Release|Any CPU
		{AA5D9909-B770-43FC-81E4-63641937C79B}.Release|x86.Build.0 = Release|Any CPU
		{FBF8A951-0FA2-42DC-B80D-58823A22EF40}.Debug|Any CPU.ActiveCfg = Debug|Any CPU
		{FBF8A951-0FA2-42DC-B80D-58823A22EF40}.Debug|Any CPU.Build.0 = Debug|Any CPU
		{FBF8A951-0FA2-42DC-B80D-58823A22EF40}.Debug|x64.ActiveCfg = Debug|Any CPU
		{FBF8A951-0FA2-42DC-B80D-58823A22EF40}.Debug|x64.Build.0 = Debug|Any CPU
		{FBF8A951-0FA2-42DC-B80D-58823A22EF40}.Debug|x86.ActiveCfg = Debug|Any CPU
		{FBF8A951-0FA2-42DC-B80D-58823A22EF40}.Debug|x86.Build.0 = Debug|Any CPU
		{FBF8A951-0FA2-42DC-B80D-58823A22EF40}.Release|Any CPU.ActiveCfg = Release|Any CPU
		{FBF8A951-0FA2-42DC-B80D-58823A22EF40}.Release|Any CPU.Build.0 = Release|Any CPU
		{FBF8A951-0FA2-42DC-B80D-58823A22EF40}.Release|x64.ActiveCfg = Release|Any CPU
		{FBF8A951-0FA2-42DC-B80D-58823A22EF40}.Release|x64.Build.0 = Release|Any CPU
		{FBF8A951-0FA2-42DC-B80D-58823A22EF40}.Release|x86.ActiveCfg = Release|Any CPU
		{FBF8A951-0FA2-42DC-B80D-58823A22EF40}.Release|x86.Build.0 = Release|Any CPU
		{F0074FAF-266F-4BAD-840D-617EF61964CF}.Debug|Any CPU.ActiveCfg = Debug|Any CPU
		{F0074FAF-266F-4BAD-840D-617EF61964CF}.Debug|Any CPU.Build.0 = Debug|Any CPU
		{F0074FAF-266F-4BAD-840D-617EF61964CF}.Debug|x64.ActiveCfg = Debug|Any CPU
		{F0074FAF-266F-4BAD-840D-617EF61964CF}.Debug|x64.Build.0 = Debug|Any CPU
		{F0074FAF-266F-4BAD-840D-617EF61964CF}.Debug|x86.ActiveCfg = Debug|Any CPU
		{F0074FAF-266F-4BAD-840D-617EF61964CF}.Debug|x86.Build.0 = Debug|Any CPU
		{F0074FAF-266F-4BAD-840D-617EF61964CF}.Release|Any CPU.ActiveCfg = Release|Any CPU
		{F0074FAF-266F-4BAD-840D-617EF61964CF}.Release|Any CPU.Build.0 = Release|Any CPU
		{F0074FAF-266F-4BAD-840D-617EF61964CF}.Release|x64.ActiveCfg = Release|Any CPU
		{F0074FAF-266F-4BAD-840D-617EF61964CF}.Release|x64.Build.0 = Release|Any CPU
		{F0074FAF-266F-4BAD-840D-617EF61964CF}.Release|x86.ActiveCfg = Release|Any CPU
		{F0074FAF-266F-4BAD-840D-617EF61964CF}.Release|x86.Build.0 = Release|Any CPU
		{187A5460-9C4C-4565-A43A-39D373E2EFEC}.Debug|Any CPU.ActiveCfg = Debug|Any CPU
		{187A5460-9C4C-4565-A43A-39D373E2EFEC}.Debug|Any CPU.Build.0 = Debug|Any CPU
		{187A5460-9C4C-4565-A43A-39D373E2EFEC}.Debug|x64.ActiveCfg = Debug|Any CPU
		{187A5460-9C4C-4565-A43A-39D373E2EFEC}.Debug|x64.Build.0 = Debug|Any CPU
		{187A5460-9C4C-4565-A43A-39D373E2EFEC}.Debug|x86.ActiveCfg = Debug|Any CPU
		{187A5460-9C4C-4565-A43A-39D373E2EFEC}.Debug|x86.Build.0 = Debug|Any CPU
		{187A5460-9C4C-4565-A43A-39D373E2EFEC}.Release|Any CPU.ActiveCfg = Release|Any CPU
		{187A5460-9C4C-4565-A43A-39D373E2EFEC}.Release|Any CPU.Build.0 = Release|Any CPU
		{187A5460-9C4C-4565-A43A-39D373E2EFEC}.Release|x64.ActiveCfg = Release|Any CPU
		{187A5460-9C4C-4565-A43A-39D373E2EFEC}.Release|x64.Build.0 = Release|Any CPU
		{187A5460-9C4C-4565-A43A-39D373E2EFEC}.Release|x86.ActiveCfg = Release|Any CPU
		{187A5460-9C4C-4565-A43A-39D373E2EFEC}.Release|x86.Build.0 = Release|Any CPU
	EndGlobalSection
	GlobalSection(SolutionProperties) = preSolution
		HideSolutionNode = FALSE
	EndGlobalSection
	GlobalSection(NestedProjects) = preSolution
		{353E7BC8-F00D-4060-B333-1621F51E400A} = {67E5155D-FF6F-458A-9665-69FC72B749B1}
		{8D1184E3-5DCC-4BF8-8823-B3E78DA1A98C} = {353E7BC8-F00D-4060-B333-1621F51E400A}
		{CD0813A6-24DB-4DDF-ADE6-B2918DDDC68C} = {48CA5D5C-02DA-411E-8B13-81C2390051A1}
		{7860C7DF-2BBE-415E-BD96-127A821CAA21} = {CD0813A6-24DB-4DDF-ADE6-B2918DDDC68C}
		{33EFC67F-6ABD-4D14-99E9-FF7B7FFD8309} = {67E5155D-FF6F-458A-9665-69FC72B749B1}
		{5A24DE65-4D30-4857-8837-2C49D8818DCA} = {33EFC67F-6ABD-4D14-99E9-FF7B7FFD8309}
		{AA5D9909-B770-43FC-81E4-63641937C79B} = {33EFC67F-6ABD-4D14-99E9-FF7B7FFD8309}
		{FBF8A951-0FA2-42DC-B80D-58823A22EF40} = {33EFC67F-6ABD-4D14-99E9-FF7B7FFD8309}
		{F0074FAF-266F-4BAD-840D-617EF61964CF} = {67E5155D-FF6F-458A-9665-69FC72B749B1}
		{187A5460-9C4C-4565-A43A-39D373E2EFEC} = {48CA5D5C-02DA-411E-8B13-81C2390051A1}
	EndGlobalSection
	GlobalSection(ExtensibilityGlobals) = postSolution
		SolutionGuid = {2B82D6AA-2092-451C-B65A-15571948EC47}
	EndGlobalSection
EndGlobal
